
Microsoft Visual Studio Solution File, Format Version 12.00
# Visual Studio Version 16
VisualStudioVersion = 16.0.32929.386
MinimumVisualStudioVersion = 10.0.40219.1
Project("{9A19103F-16F7-4668-BE54-9A1E7A4F7556}") = "Entities", "Entities\Entities.csproj", "{2FE82760-81F4-4139-814C-B9668500222F}"
EndProject
Project("{9A19103F-16F7-4668-BE54-9A1E7A4F7556}") = "DataAccess", "DataAccess\DataAccess.csproj", "{4CB3909F-3A2F-46D1-8E0D-4F95A4861505}"
EndProject
Project("{9A19103F-16F7-4668-BE54-9A1E7A4F7556}") = "Business", "Business\Business.csproj", "{1C401FA4-D946-45B1-98F1-39DF0F4EA0DC}"
EndProject
Project("{9A19103F-16F7-4668-BE54-9A1E7A4F7556}") = "Core", "Core\Core.csproj", "{B5532E14-F34C-4D25-9205-9BD8EDBB3CD9}"
EndProject
Project("{9A19103F-16F7-4668-BE54-9A1E7A4F7556}") = "WebAPI", "WebAPI\WebAPI.csproj", "{D31DC26E-A0EC-444A-83C9-52A1F8793E5E}"
EndProject
Project("{9A19103F-16F7-4668-BE54-9A1E7A4F7556}") = "ConsoleUI", "ConsoleUI\ConsoleUI.csproj", "{53F5705E-4DD5-4D37-A517-91D9AF772161}"
EndProject
Global
	GlobalSection(SolutionConfigurationPlatforms) = preSolution
		Debug|Any CPU = Debug|Any CPU
		Release|Any CPU = Release|Any CPU
	EndGlobalSection
	GlobalSection(ProjectConfigurationPlatforms) = postSolution
		{2FE82760-81F4-4139-814C-B9668500222F}.Debug|Any CPU.ActiveCfg = Debug|Any CPU
		{2FE82760-81F4-4139-814C-B9668500222F}.Debug|Any CPU.Build.0 = Debug|Any CPU
		{2FE82760-81F4-4139-814C-B9668500222F}.Release|Any CPU.ActiveCfg = Release|Any CPU
		{2FE82760-81F4-4139-814C-B9668500222F}.Release|Any CPU.Build.0 = Release|Any CPU
		{4CB3909F-3A2F-46D1-8E0D-4F95A4861505}.Debug|Any CPU.ActiveCfg = Debug|Any CPU
		{4CB3909F-3A2F-46D1-8E0D-4F95A4861505}.Debug|Any CPU.Build.0 = Debug|Any CPU
		{4CB3909F-3A2F-46D1-8E0D-4F95A4861505}.Release|Any CPU.ActiveCfg = Release|Any CPU
		{4CB3909F-3A2F-46D1-8E0D-4F95A4861505}.Release|Any CPU.Build.0 = Release|Any CPU
		{1C401FA4-D946-45B1-98F1-39DF0F4EA0DC}.Debug|Any CPU.ActiveCfg = Debug|Any CPU
		{1C401FA4-D946-45B1-98F1-39DF0F4EA0DC}.Debug|Any CPU.Build.0 = Debug|Any CPU
		{1C401FA4-D946-45B1-98F1-39DF0F4EA0DC}.Release|Any CPU.ActiveCfg = Release|Any CPU
		{1C401FA4-D946-45B1-98F1-39DF0F4EA0DC}.Release|Any CPU.Build.0 = Release|Any CPU
		{B5532E14-F34C-4D25-9205-9BD8EDBB3CD9}.Debug|Any CPU.ActiveCfg = Debug|Any CPU
		{B5532E14-F34C-4D25-9205-9BD8EDBB3CD9}.Debug|Any CPU.Build.0 = Debug|Any CPU
		{B5532E14-F34C-4D25-9205-9BD8EDBB3CD9}.Release|Any CPU.ActiveCfg = Release|Any CPU
		{B5532E14-F34C-4D25-9205-9BD8EDBB3CD9}.Release|Any CPU.Build.0 = Release|Any CPU
		{D31DC26E-A0EC-444A-83C9-52A1F8793E5E}.Debug|Any CPU.ActiveCfg = Debug|Any CPU
		{D31DC26E-A0EC-444A-83C9-52A1F8793E5E}.Debug|Any CPU.Build.0 = Debug|Any CPU
		{D31DC26E-A0EC-444A-83C9-52A1F8793E5E}.Release|Any CPU.ActiveCfg = Release|Any CPU
		{D31DC26E-A0EC-444A-83C9-52A1F8793E5E}.Release|Any CPU.Build.0 = Release|Any CPU
		{53F5705E-4DD5-4D37-A517-91D9AF772161}.Debug|Any CPU.ActiveCfg = Debug|Any CPU
		{53F5705E-4DD5-4D37-A517-91D9AF772161}.Debug|Any CPU.Build.0 = Debug|Any CPU
		{53F5705E-4DD5-4D37-A517-91D9AF772161}.Release|Any CPU.ActiveCfg = Release|Any CPU
		{53F5705E-4DD5-4D37-A517-91D9AF772161}.Release|Any CPU.Build.0 = Release|Any CPU
	EndGlobalSection
	GlobalSection(SolutionProperties) = preSolution
		HideSolutionNode = FALSE
	EndGlobalSection
	GlobalSection(ExtensibilityGlobals) = postSolution
		SolutionGuid = {C8536518-A85D-4E1C-A7A6-F332EFC1F7DC}
	EndGlobalSection
EndGlobal
